// !$*UTF8*$!
{
	archiveVersion = 1;
	classes = {
	};
	objectVersion = 56;
	objects = {

/* Begin PBXBuildFile section */
		32F1F6B52EDED1E1003A3CBD /* MapsPoint.swift in Sources */ = {isa = PBXBuildFile; fileRef = 32F1F6B42EDED1E1003A3CBD /* MapsPoint.swift */; };
		32F1F6B72EDED372003A3CBD /* NavigationOptionSheet.swift in Sources */ = {isa = PBXBuildFile; fileRef = 32F1F6B62EDED372003A3CBD /* NavigationOptionSheet.swift */; };
		32F1F6B92EDED64C003A3CBD /* GigMapsView.swift in Sources */ = {isa = PBXBuildFile; fileRef = 32F1F6B82EDED64C003A3CBD /* GigMapsView.swift */; };
		32F1F6BB2EDEDD5A003A3CBD /* LocationPickerView.swift in Sources */ = {isa = PBXBuildFile; fileRef = 32F1F6BA2EDEDD5A003A3CBD /* LocationPickerView.swift */; };
		32F1F6BF2EDEE4FF003A3CBD /* LocationManager.swift in Sources */ = {isa = PBXBuildFile; fileRef = 32F1F6BE2EDEE4FF003A3CBD /* LocationManager.swift */; };
		32F1F6CD2EDF282F003A3CBD /* GigAllImagesView.swift in Sources */ = {isa = PBXBuildFile; fileRef = 32F1F6CC2EDF282F003A3CBD /* GigAllImagesView.swift */; };
		38098A492EC125F900BE80B0 /* DurationPickerInLine.swift in Sources */ = {isa = PBXBuildFile; fileRef = 38098A482EC125F900BE80B0 /* DurationPickerInLine.swift */; };
		38098A4C2EC1279D00BE80B0 /* HomeView.swift in Sources */ = {isa = PBXBuildFile; fileRef = 38098A4B2EC1279C00BE80B0 /* HomeView.swift */; };
		38098A4E2EC127CA00BE80B0 /* homeViewModel.swift in Sources */ = {isa = PBXBuildFile; fileRef = 38098A4D2EC127CA00BE80B0 /* homeViewModel.swift */; };
		38098A502EC127DC00BE80B0 /* HomeRoute.swift in Sources */ = {isa = PBXBuildFile; fileRef = 38098A4F2EC127DC00BE80B0 /* HomeRoute.swift */; };
		38098A522EC127EC00BE80B0 /* HomeDestination.swift in Sources */ = {isa = PBXBuildFile; fileRef = 38098A512EC127EC00BE80B0 /* HomeDestination.swift */; };
		38098A542EC1280000BE80B0 /* HomeActionButton.swift in Sources */ = {isa = PBXBuildFile; fileRef = 38098A532EC1280000BE80B0 /* HomeActionButton.swift */; };
		38098A562EC1280A00BE80B0 /* HomeString.swift in Sources */ = {isa = PBXBuildFile; fileRef = 38098A552EC1280A00BE80B0 /* HomeString.swift */; };
		38098A592EC12A5200BE80B0 /* CalendarView.swift in Sources */ = {isa = PBXBuildFile; fileRef = 38098A582EC12A5200BE80B0 /* CalendarView.swift */; };
		38098A5B2EC12A8800BE80B0 /* CalendarViewModel.swift in Sources */ = {isa = PBXBuildFile; fileRef = 38098A5A2EC12A8800BE80B0 /* CalendarViewModel.swift */; };
		38098A5D2EC12AAF00BE80B0 /* MonthGrid.swift in Sources */ = {isa = PBXBuildFile; fileRef = 38098A5C2EC12AAF00BE80B0 /* MonthGrid.swift */; };
		38098A5F2EC2189200BE80B0 /* SplashContainerView.swift in Sources */ = {isa = PBXBuildFile; fileRef = 38098A5E2EC2189200BE80B0 /* SplashContainerView.swift */; };
		38098A612EC218B900BE80B0 /* AnimatedSplashView.swift in Sources */ = {isa = PBXBuildFile; fileRef = 38098A602EC218B900BE80B0 /* AnimatedSplashView.swift */; };
		3809AB992EB3608A005E541F /* DJGigsApp.swift in Sources */ = {isa = PBXBuildFile; fileRef = 3809AB982EB3608A005E541F /* DJGigsApp.swift */; };
		3809AB9B2EB3608A005E541F /* ContentView.swift in Sources */ = {isa = PBXBuildFile; fileRef = 3809AB9A2EB3608A005E541F /* ContentView.swift */; };
		3809AB9D2EB36091005E541F /* Assets.xcassets in Resources */ = {isa = PBXBuildFile; fileRef = 3809AB9C2EB36091005E541F /* Assets.xcassets */; };
		3809ABA02EB36091005E541F /* Preview Assets.xcassets in Resources */ = {isa = PBXBuildFile; fileRef = 3809AB9F2EB36091005E541F /* Preview Assets.xcassets */; };
		3809ABA22EB36091005E541F /* Persistence.swift in Sources */ = {isa = PBXBuildFile; fileRef = 3809ABA12EB36091005E541F /* Persistence.swift */; };
		3809ABA52EB36091005E541F /* DJGigsApp.xcdatamodeld in Sources */ = {isa = PBXBuildFile; fileRef = 3809ABA32EB36091005E541F /* DJGigsApp.xcdatamodeld */; };
		3809ABAF2EB36092005E541F /* DJGigsAppTests.swift in Sources */ = {isa = PBXBuildFile; fileRef = 3809ABAE2EB36092005E541F /* DJGigsAppTests.swift */; };
		3809ABB92EB36092005E541F /* DJGigsAppUITests.swift in Sources */ = {isa = PBXBuildFile; fileRef = 3809ABB82EB36092005E541F /* DJGigsAppUITests.swift */; };
		3809ABBB2EB36092005E541F /* DJGigsAppUITestsLaunchTests.swift in Sources */ = {isa = PBXBuildFile; fileRef = 3809ABBA2EB36092005E541F /* DJGigsAppUITestsLaunchTests.swift */; };
		3809ABC92EB36127005E541F /* gig.swift in Sources */ = {isa = PBXBuildFile; fileRef = 3809ABC82EB36127005E541F /* gig.swift */; };
		3809ABD02EB381CA005E541F /* GigListView.swift in Sources */ = {isa = PBXBuildFile; fileRef = 3809ABCF2EB381CA005E541F /* GigListView.swift */; };
		3809ABD22EB38414005E541F /* GigFormView.swift in Sources */ = {isa = PBXBuildFile; fileRef = 3809ABD12EB38414005E541F /* GigFormView.swift */; };
		3809ABD42EB3878F005E541F /* AppTheme.swift in Sources */ = {isa = PBXBuildFile; fileRef = 3809ABD32EB3878F005E541F /* AppTheme.swift */; };
		3809ABD62EB387BE005E541F /* ThemedStyles.swift in Sources */ = {isa = PBXBuildFile; fileRef = 3809ABD52EB387BE005E541F /* ThemedStyles.swift */; };
		382BEEF02EDDC98C00D67144 /* GigContact.swift in Sources */ = {isa = PBXBuildFile; fileRef = 382BEEEF2EDDC98C00D67144 /* GigContact.swift */; };
		382BEEF22EDDCA5400D67144 /* ContactManager.swift in Sources */ = {isa = PBXBuildFile; fileRef = 382BEEF12EDDCA5400D67144 /* ContactManager.swift */; };
		382BEEF42EDDCAA700D67144 /* NewConactEditor.swift in Sources */ = {isa = PBXBuildFile; fileRef = 382BEEF32EDDCAA700D67144 /* NewConactEditor.swift */; };
		388F91792ED5BF2A003D162D /* ImagesView.swift in Sources */ = {isa = PBXBuildFile; fileRef = 388F91782ED5BF2A003D162D /* ImagesView.swift */; };
		38B9902B2ED9AAD7003B758B /* GigDetailView.swift in Sources */ = {isa = PBXBuildFile; fileRef = 38B9902A2ED9AAD7003B758B /* GigDetailView.swift */; };
		38B9902D2ED9ADC1003B758B /* GigImagesGalleryView.swift in Sources */ = {isa = PBXBuildFile; fileRef = 38B9902C2ED9ADC1003B758B /* GigImagesGalleryView.swift */; };
/* End PBXBuildFile section */

/* Begin PBXContainerItemProxy section */
		3809ABAB2EB36092005E541F /* PBXContainerItemProxy */ = {
			isa = PBXContainerItemProxy;
			containerPortal = 3809AB8D2EB3608A005E541F /* Project object */;
			proxyType = 1;
			remoteGlobalIDString = 3809AB942EB3608A005E541F;
			remoteInfo = DJGigsApp;
		};
		3809ABB52EB36092005E541F /* PBXContainerItemProxy */ = {
			isa = PBXContainerItemProxy;
			containerPortal = 3809AB8D2EB3608A005E541F /* Project object */;
			proxyType = 1;
			remoteGlobalIDString = 3809AB942EB3608A005E541F;
			remoteInfo = DJGigsApp;
		};
/* End PBXContainerItemProxy section */

/* Begin PBXFileReference section */
		32F1F6B42EDED1E1003A3CBD /* MapsPoint.swift */ = {isa = PBXFileReference; lastKnownFileType = sourcecode.swift; path = MapsPoint.swift; sourceTree = "<group>"; };
		32F1F6B62EDED372003A3CBD /* NavigationOptionSheet.swift */ = {isa = PBXFileReference; lastKnownFileType = sourcecode.swift; path = NavigationOptionSheet.swift; sourceTree = "<group>"; };
		32F1F6B82EDED64C003A3CBD /* GigMapsView.swift */ = {isa = PBXFileReference; lastKnownFileType = sourcecode.swift; path = GigMapsView.swift; sourceTree = "<group>"; };
		32F1F6BA2EDEDD5A003A3CBD /* LocationPickerView.swift */ = {isa = PBXFileReference; lastKnownFileType = sourcecode.swift; path = LocationPickerView.swift; sourceTree = "<group>"; };
		32F1F6BE2EDEE4FF003A3CBD /* LocationManager.swift */ = {isa = PBXFileReference; lastKnownFileType = sourcecode.swift; path = LocationManager.swift; sourceTree = "<group>"; };
		32F1F6C02EDEE653003A3CBD /* Info.plist */ = {isa = PBXFileReference; lastKnownFileType = text.plist; path = Info.plist; sourceTree = "<group>"; };
		32F1F6CC2EDF282F003A3CBD /* GigAllImagesView.swift */ = {isa = PBXFileReference; lastKnownFileType = sourcecode.swift; path = GigAllImagesView.swift; sourceTree = "<group>"; };
		38098A482EC125F900BE80B0 /* DurationPickerInLine.swift */ = {isa = PBXFileReference; lastKnownFileType = sourcecode.swift; path = DurationPickerInLine.swift; sourceTree = "<group>"; };
		38098A4B2EC1279C00BE80B0 /* HomeView.swift */ = {isa = PBXFileReference; lastKnownFileType = sourcecode.swift; path = HomeView.swift; sourceTree = "<group>"; };
		38098A4D2EC127CA00BE80B0 /* homeViewModel.swift */ = {isa = PBXFileReference; lastKnownFileType = sourcecode.swift; path = homeViewModel.swift; sourceTree = "<group>"; };
		38098A4F2EC127DC00BE80B0 /* HomeRoute.swift */ = {isa = PBXFileReference; lastKnownFileType = sourcecode.swift; path = HomeRoute.swift; sourceTree = "<group>"; };
		38098A512EC127EC00BE80B0 /* HomeDestination.swift */ = {isa = PBXFileReference; lastKnownFileType = sourcecode.swift; path = HomeDestination.swift; sourceTree = "<group>"; };
		38098A532EC1280000BE80B0 /* HomeActionButton.swift */ = {isa = PBXFileReference; lastKnownFileType = sourcecode.swift; path = HomeActionButton.swift; sourceTree = "<group>"; };
		38098A552EC1280A00BE80B0 /* HomeString.swift */ = {isa = PBXFileReference; lastKnownFileType = sourcecode.swift; path = HomeString.swift; sourceTree = "<group>"; };
		38098A582EC12A5200BE80B0 /* CalendarView.swift */ = {isa = PBXFileReference; lastKnownFileType = sourcecode.swift; path = CalendarView.swift; sourceTree = "<group>"; };
		38098A5A2EC12A8800BE80B0 /* CalendarViewModel.swift */ = {isa = PBXFileReference; lastKnownFileType = sourcecode.swift; path = CalendarViewModel.swift; sourceTree = "<group>"; };
		38098A5C2EC12AAF00BE80B0 /* MonthGrid.swift */ = {isa = PBXFileReference; lastKnownFileType = sourcecode.swift; path = MonthGrid.swift; sourceTree = "<group>"; };
		38098A5E2EC2189200BE80B0 /* SplashContainerView.swift */ = {isa = PBXFileReference; lastKnownFileType = sourcecode.swift; path = SplashContainerView.swift; sourceTree = "<group>"; };
		38098A602EC218B900BE80B0 /* AnimatedSplashView.swift */ = {isa = PBXFileReference; lastKnownFileType = sourcecode.swift; path = AnimatedSplashView.swift; sourceTree = "<group>"; };
		3809AB952EB3608A005E541F /* DJGigsApp.app */ = {isa = PBXFileReference; explicitFileType = wrapper.application; includeInIndex = 0; path = DJGigsApp.app; sourceTree = BUILT_PRODUCTS_DIR; };
		3809AB982EB3608A005E541F /* DJGigsApp.swift */ = {isa = PBXFileReference; lastKnownFileType = sourcecode.swift; path = DJGigsApp.swift; sourceTree = "<group>"; };
		3809AB9A2EB3608A005E541F /* ContentView.swift */ = {isa = PBXFileReference; lastKnownFileType = sourcecode.swift; path = ContentView.swift; sourceTree = "<group>"; };
		3809AB9C2EB36091005E541F /* Assets.xcassets */ = {isa = PBXFileReference; lastKnownFileType = folder.assetcatalog; path = Assets.xcassets; sourceTree = "<group>"; };
		3809AB9F2EB36091005E541F /* Preview Assets.xcassets */ = {isa = PBXFileReference; lastKnownFileType = folder.assetcatalog; path = "Preview Assets.xcassets"; sourceTree = "<group>"; };
		3809ABA12EB36091005E541F /* Persistence.swift */ = {isa = PBXFileReference; lastKnownFileType = sourcecode.swift; path = Persistence.swift; sourceTree = "<group>"; };
		3809ABA42EB36091005E541F /* DJGigsApp.xcdatamodel */ = {isa = PBXFileReference; lastKnownFileType = wrapper.xcdatamodel; path = DJGigsApp.xcdatamodel; sourceTree = "<group>"; };
		3809ABAA2EB36092005E541F /* DJGigsAppTests.xctest */ = {isa = PBXFileReference; explicitFileType = wrapper.cfbundle; includeInIndex = 0; path = DJGigsAppTests.xctest; sourceTree = BUILT_PRODUCTS_DIR; };
		3809ABAE2EB36092005E541F /* DJGigsAppTests.swift */ = {isa = PBXFileReference; lastKnownFileType = sourcecode.swift; path = DJGigsAppTests.swift; sourceTree = "<group>"; };
		3809ABB42EB36092005E541F /* DJGigsAppUITests.xctest */ = {isa = PBXFileReference; explicitFileType = wrapper.cfbundle; includeInIndex = 0; path = DJGigsAppUITests.xctest; sourceTree = BUILT_PRODUCTS_DIR; };
		3809ABB82EB36092005E541F /* DJGigsAppUITests.swift */ = {isa = PBXFileReference; lastKnownFileType = sourcecode.swift; path = DJGigsAppUITests.swift; sourceTree = "<group>"; };
		3809ABBA2EB36092005E541F /* DJGigsAppUITestsLaunchTests.swift */ = {isa = PBXFileReference; lastKnownFileType = sourcecode.swift; path = DJGigsAppUITestsLaunchTests.swift; sourceTree = "<group>"; };
		3809ABC82EB36127005E541F /* gig.swift */ = {isa = PBXFileReference; lastKnownFileType = sourcecode.swift; path = gig.swift; sourceTree = "<group>"; };
		3809ABCF2EB381CA005E541F /* GigListView.swift */ = {isa = PBXFileReference; lastKnownFileType = sourcecode.swift; path = GigListView.swift; sourceTree = "<group>"; };
		3809ABD12EB38414005E541F /* GigFormView.swift */ = {isa = PBXFileReference; lastKnownFileType = sourcecode.swift; path = GigFormView.swift; sourceTree = "<group>"; };
		3809ABD32EB3878F005E541F /* AppTheme.swift */ = {isa = PBXFileReference; lastKnownFileType = sourcecode.swift; path = AppTheme.swift; sourceTree = "<group>"; };
		3809ABD52EB387BE005E541F /* ThemedStyles.swift */ = {isa = PBXFileReference; lastKnownFileType = sourcecode.swift; path = ThemedStyles.swift; sourceTree = "<group>"; };
		382BEEEF2EDDC98C00D67144 /* GigContact.swift */ = {isa = PBXFileReference; lastKnownFileType = sourcecode.swift; path = GigContact.swift; sourceTree = "<group>"; };
		382BEEF12EDDCA5400D67144 /* ContactManager.swift */ = {isa = PBXFileReference; lastKnownFileType = sourcecode.swift; path = ContactManager.swift; sourceTree = "<group>"; };
		382BEEF32EDDCAA700D67144 /* NewConactEditor.swift */ = {isa = PBXFileReference; lastKnownFileType = sourcecode.swift; path = NewConactEditor.swift; sourceTree = "<group>"; };
		388F91782ED5BF2A003D162D /* ImagesView.swift */ = {isa = PBXFileReference; lastKnownFileType = sourcecode.swift; path = ImagesView.swift; sourceTree = "<group>"; };
		38B9902A2ED9AAD7003B758B /* GigDetailView.swift */ = {isa = PBXFileReference; lastKnownFileType = sourcecode.swift; path = GigDetailView.swift; sourceTree = "<group>"; };
		38B9902C2ED9ADC1003B758B /* GigImagesGalleryView.swift */ = {isa = PBXFileReference; lastKnownFileType = sourcecode.swift; path = GigImagesGalleryView.swift; sourceTree = "<group>"; };
/* End PBXFileReference section */

/* Begin PBXFrameworksBuildPhase section */
		3809AB922EB3608A005E541F /* Frameworks */ = {
			isa = PBXFrameworksBuildPhase;
			buildActionMask = 2147483647;
			files = (
			);
			runOnlyForDeploymentPostprocessing = 0;
		};
		3809ABA72EB36092005E541F /* Frameworks */ = {
			isa = PBXFrameworksBuildPhase;
			buildActionMask = 2147483647;
			files = (
			);
			runOnlyForDeploymentPostprocessing = 0;
		};
		3809ABB12EB36092005E541F /* Frameworks */ = {
			isa = PBXFrameworksBuildPhase;
			buildActionMask = 2147483647;
			files = (
			);
			runOnlyForDeploymentPostprocessing = 0;
		};
/* End PBXFrameworksBuildPhase section */

/* Begin PBXGroup section */
		32F1F6B12EDECEBC003A3CBD /* Maps */ = {
			isa = PBXGroup;
			children = (
				32F1F6B42EDED1E1003A3CBD /* MapsPoint.swift */,
				32F1F6B62EDED372003A3CBD /* NavigationOptionSheet.swift */,
				32F1F6B82EDED64C003A3CBD /* GigMapsView.swift */,
				32F1F6BA2EDEDD5A003A3CBD /* LocationPickerView.swift */,
				32F1F6BE2EDEE4FF003A3CBD /* LocationManager.swift */,
			);
			path = Maps;
			sourceTree = "<group>";
		};
		38098A4A2EC1277000BE80B0 /* Home */ = {
			isa = PBXGroup;
			children = (
				38098A4B2EC1279C00BE80B0 /* HomeView.swift */,
				38098A512EC127EC00BE80B0 /* HomeDestination.swift */,
				38098A4D2EC127CA00BE80B0 /* homeViewModel.swift */,
				38098A4F2EC127DC00BE80B0 /* HomeRoute.swift */,
				38098A532EC1280000BE80B0 /* HomeActionButton.swift */,
				38098A552EC1280A00BE80B0 /* HomeString.swift */,
			);
			path = Home;
			sourceTree = "<group>";
		};
		38098A572EC12A3300BE80B0 /* Calendar */ = {
			isa = PBXGroup;
			children = (
				38098A582EC12A5200BE80B0 /* CalendarView.swift */,
				38098A5A2EC12A8800BE80B0 /* CalendarViewModel.swift */,
				38098A5C2EC12AAF00BE80B0 /* MonthGrid.swift */,
			);
			path = Calendar;
			sourceTree = "<group>";
		};
		3809AB8C2EB3608A005E541F = {
			isa = PBXGroup;
			children = (
				3809AB982EB3608A005E541F /* DJGigsApp.swift */,
				32F1F6B12EDECEBC003A3CBD /* Maps */,
				382BEEEE2EDDC96200D67144 /* contact */,
				388F91772ED5BF0F003D162D /* Image */,
				38098A572EC12A3300BE80B0 /* Calendar */,
				38098A4A2EC1277000BE80B0 /* Home */,
				3809ABC72EB360F6005E541F /* Gigs */,
				3809ABCE2EB381A5005E541F /* views */,
				3809AB972EB3608A005E541F /* DJGigsApp */,
				3809ABAD2EB36092005E541F /* DJGigsAppTests */,
				3809ABB72EB36092005E541F /* DJGigsAppUITests */,
				3809AB962EB3608A005E541F /* Products */,
			);
			sourceTree = "<group>";
		};
		3809AB962EB3608A005E541F /* Products */ = {
			isa = PBXGroup;
			children = (
				3809AB952EB3608A005E541F /* DJGigsApp.app */,
				3809ABAA2EB36092005E541F /* DJGigsAppTests.xctest */,
				3809ABB42EB36092005E541F /* DJGigsAppUITests.xctest */,
			);
			name = Products;
			sourceTree = "<group>";
		};
		3809AB972EB3608A005E541F /* DJGigsApp */ = {
			isa = PBXGroup;
			children = (
				32F1F6C02EDEE653003A3CBD /* Info.plist */,
				3809AB9A2EB3608A005E541F /* ContentView.swift */,
				3809ABA12EB36091005E541F /* Persistence.swift */,
				3809AB9C2EB36091005E541F /* Assets.xcassets */,
				3809ABA32EB36091005E541F /* DJGigsApp.xcdatamodeld */,
				3809AB9E2EB36091005E541F /* Preview Content */,
			);
			path = DJGigsApp;
			sourceTree = "<group>";
		};
		3809AB9E2EB36091005E541F /* Preview Content */ = {
			isa = PBXGroup;
			children = (
				3809AB9F2EB36091005E541F /* Preview Assets.xcassets */,
			);
			path = "Preview Content";
			sourceTree = "<group>";
		};
		3809ABAD2EB36092005E541F /* DJGigsAppTests */ = {
			isa = PBXGroup;
			children = (
				3809ABAE2EB36092005E541F /* DJGigsAppTests.swift */,
			);
			path = DJGigsAppTests;
			sourceTree = "<group>";
		};
		3809ABB72EB36092005E541F /* DJGigsAppUITests */ = {
			isa = PBXGroup;
			children = (
				3809ABB82EB36092005E541F /* DJGigsAppUITests.swift */,
				3809ABBA2EB36092005E541F /* DJGigsAppUITestsLaunchTests.swift */,
			);
			path = DJGigsAppUITests;
			sourceTree = "<group>";
		};
		3809ABC72EB360F6005E541F /* Gigs */ = {
			isa = PBXGroup;
			children = (
				3809ABC82EB36127005E541F /* gig.swift */,
				3809ABCF2EB381CA005E541F /* GigListView.swift */,
				3809ABD12EB38414005E541F /* GigFormView.swift */,
				38B9902A2ED9AAD7003B758B /* GigDetailView.swift */,
				38B9902C2ED9ADC1003B758B /* GigImagesGalleryView.swift */,
			);
			path = Gigs;
			sourceTree = "<group>";
		};
		3809ABCE2EB381A5005E541F /* views */ = {
			isa = PBXGroup;
			children = (
				3809ABD32EB3878F005E541F /* AppTheme.swift */,
				3809ABD52EB387BE005E541F /* ThemedStyles.swift */,
				38098A482EC125F900BE80B0 /* DurationPickerInLine.swift */,
				38098A5E2EC2189200BE80B0 /* SplashContainerView.swift */,
				38098A602EC218B900BE80B0 /* AnimatedSplashView.swift */,
			);
			path = views;
			sourceTree = "<group>";
		};
		382BEEEE2EDDC96200D67144 /* contact */ = {
			isa = PBXGroup;
			children = (
				382BEEEF2EDDC98C00D67144 /* GigContact.swift */,
				382BEEF12EDDCA5400D67144 /* ContactManager.swift */,
				382BEEF32EDDCAA700D67144 /* NewConactEditor.swift */,
			);
			path = contact;
			sourceTree = "<group>";
		};
		388F91772ED5BF0F003D162D /* Image */ = {
			isa = PBXGroup;
			children = (
				388F91782ED5BF2A003D162D /* ImagesView.swift */,
				32F1F6CC2EDF282F003A3CBD /* GigAllImagesView.swift */,
			);
			path = Image;
			sourceTree = "<group>";
		};
/* End PBXGroup section */

/* Begin PBXNativeTarget section */
		3809AB942EB3608A005E541F /* DJGigsApp */ = {
			isa = PBXNativeTarget;
			buildConfigurationList = 3809ABBE2EB36092005E541F /* Build configuration list for PBXNativeTarget "DJGigsApp" */;
			buildPhases = (
				3809AB912EB3608A005E541F /* Sources */,
				3809AB922EB3608A005E541F /* Frameworks */,
				3809AB932EB3608A005E541F /* Resources */,
			);
			buildRules = (
			);
			dependencies = (
			);
			name = DJGigsApp;
			productName = DJGigsApp;
			productReference = 3809AB952EB3608A005E541F /* DJGigsApp.app */;
			productType = "com.apple.product-type.application";
		};
		3809ABA92EB36092005E541F /* DJGigsAppTests */ = {
			isa = PBXNativeTarget;
			buildConfigurationList = 3809ABC12EB36092005E541F /* Build configuration list for PBXNativeTarget "DJGigsAppTests" */;
			buildPhases = (
				3809ABA62EB36092005E541F /* Sources */,
				3809ABA72EB36092005E541F /* Frameworks */,
				3809ABA82EB36092005E541F /* Resources */,
			);
			buildRules = (
			);
			dependencies = (
				3809ABAC2EB36092005E541F /* PBXTargetDependency */,
			);
			name = DJGigsAppTests;
			productName = DJGigsAppTests;
			productReference = 3809ABAA2EB36092005E541F /* DJGigsAppTests.xctest */;
			productType = "com.apple.product-type.bundle.unit-test";
		};
		3809ABB32EB36092005E541F /* DJGigsAppUITests */ = {
			isa = PBXNativeTarget;
			buildConfigurationList = 3809ABC42EB36092005E541F /* Build configuration list for PBXNativeTarget "DJGigsAppUITests" */;
			buildPhases = (
				3809ABB02EB36092005E541F /* Sources */,
				3809ABB12EB36092005E541F /* Frameworks */,
				3809ABB22EB36092005E541F /* Resources */,
			);
			buildRules = (
			);
			dependencies = (
				3809ABB62EB36092005E541F /* PBXTargetDependency */,
			);
			name = DJGigsAppUITests;
			productName = DJGigsAppUITests;
			productReference = 3809ABB42EB36092005E541F /* DJGigsAppUITests.xctest */;
			productType = "com.apple.product-type.bundle.ui-testing";
		};
/* End PBXNativeTarget section */

/* Begin PBXProject section */
		3809AB8D2EB3608A005E541F /* Project object */ = {
			isa = PBXProject;
			attributes = {
				BuildIndependentTargetsInParallel = 1;
				LastSwiftUpdateCheck = 1520;
				LastUpgradeCheck = 2600;
				TargetAttributes = {
					3809AB942EB3608A005E541F = {
						CreatedOnToolsVersion = 15.2;
					};
					3809ABA92EB36092005E541F = {
						CreatedOnToolsVersion = 15.2;
						TestTargetID = 3809AB942EB3608A005E541F;
					};
					3809ABB32EB36092005E541F = {
						CreatedOnToolsVersion = 15.2;
						TestTargetID = 3809AB942EB3608A005E541F;
					};
				};
			};
			buildConfigurationList = 3809AB902EB3608A005E541F /* Build configuration list for PBXProject "DJGigsApp" */;
			compatibilityVersion = "Xcode 14.0";
			developmentRegion = en;
			hasScannedForEncodings = 0;
			knownRegions = (
				en,
				Base,
			);
			mainGroup = 3809AB8C2EB3608A005E541F;
			productRefGroup = 3809AB962EB3608A005E541F /* Products */;
			projectDirPath = "";
			projectRoot = "";
			targets = (
				3809AB942EB3608A005E541F /* DJGigsApp */,
				3809ABA92EB36092005E541F /* DJGigsAppTests */,
				3809ABB32EB36092005E541F /* DJGigsAppUITests */,
			);
		};
/* End PBXProject section */

/* Begin PBXResourcesBuildPhase section */
		3809AB932EB3608A005E541F /* Resources */ = {
			isa = PBXResourcesBuildPhase;
			buildActionMask = 2147483647;
			files = (
				3809ABA02EB36091005E541F /* Preview Assets.xcassets in Resources */,
				3809AB9D2EB36091005E541F /* Assets.xcassets in Resources */,
			);
			runOnlyForDeploymentPostprocessing = 0;
		};
		3809ABA82EB36092005E541F /* Resources */ = {
			isa = PBXResourcesBuildPhase;
			buildActionMask = 2147483647;
			files = (
			);
			runOnlyForDeploymentPostprocessing = 0;
		};
		3809ABB22EB36092005E541F /* Resources */ = {
			isa = PBXResourcesBuildPhase;
			buildActionMask = 2147483647;
			files = (
			);
			runOnlyForDeploymentPostprocessing = 0;
		};
/* End PBXResourcesBuildPhase section */

/* Begin PBXSourcesBuildPhase section */
		3809AB912EB3608A005E541F /* Sources */ = {
			isa = PBXSourcesBuildPhase;
			buildActionMask = 2147483647;
			files = (
				3809ABA22EB36091005E541F /* Persistence.swift in Sources */,
				3809AB9B2EB3608A005E541F /* ContentView.swift in Sources */,
				32F1F6BF2EDEE4FF003A3CBD /* LocationManager.swift in Sources */,
				38098A502EC127DC00BE80B0 /* HomeRoute.swift in Sources */,
				32F1F6BB2EDEDD5A003A3CBD /* LocationPickerView.swift in Sources */,
				38098A592EC12A5200BE80B0 /* CalendarView.swift in Sources */,
				3809AB992EB3608A005E541F /* DJGigsApp.swift in Sources */,
				3809ABD42EB3878F005E541F /* AppTheme.swift in Sources */,
				38B9902D2ED9ADC1003B758B /* GigImagesGalleryView.swift in Sources */,
				38098A5B2EC12A8800BE80B0 /* CalendarViewModel.swift in Sources */,
				3809ABA52EB36091005E541F /* DJGigsApp.xcdatamodeld in Sources */,
				388F91792ED5BF2A003D162D /* ImagesView.swift in Sources */,
				32F1F6B72EDED372003A3CBD /* NavigationOptionSheet.swift in Sources */,
				38098A4C2EC1279D00BE80B0 /* HomeView.swift in Sources */,
				38B9902B2ED9AAD7003B758B /* GigDetailView.swift in Sources */,
				38098A5F2EC2189200BE80B0 /* SplashContainerView.swift in Sources */,
				32F1F6CD2EDF282F003A3CBD /* GigAllImagesView.swift in Sources */,
				32F1F6B92EDED64C003A3CBD /* GigMapsView.swift in Sources */,
				38098A612EC218B900BE80B0 /* AnimatedSplashView.swift in Sources */,
				3809ABD22EB38414005E541F /* GigFormView.swift in Sources */,
				382BEEF22EDDCA5400D67144 /* ContactManager.swift in Sources */,
				38098A492EC125F900BE80B0 /* DurationPickerInLine.swift in Sources */,
				3809ABD62EB387BE005E541F /* ThemedStyles.swift in Sources */,
				38098A5D2EC12AAF00BE80B0 /* MonthGrid.swift in Sources */,
				38098A542EC1280000BE80B0 /* HomeActionButton.swift in Sources */,
				38098A562EC1280A00BE80B0 /* HomeString.swift in Sources */,
				32F1F6B52EDED1E1003A3CBD /* MapsPoint.swift in Sources */,
				38098A522EC127EC00BE80B0 /* HomeDestination.swift in Sources */,
				382BEEF02EDDC98C00D67144 /* GigContact.swift in Sources */,
				382BEEF42EDDCAA700D67144 /* NewConactEditor.swift in Sources */,
				3809ABC92EB36127005E541F /* gig.swift in Sources */,
				3809ABD02EB381CA005E541F /* GigListView.swift in Sources */,
				38098A4E2EC127CA00BE80B0 /* homeViewModel.swift in Sources */,
			);
			runOnlyForDeploymentPostprocessing = 0;
		};
		3809ABA62EB36092005E541F /* Sources */ = {
			isa = PBXSourcesBuildPhase;
			buildActionMask = 2147483647;
			files = (
				3809ABAF2EB36092005E541F /* DJGigsAppTests.swift in Sources */,
			);
			runOnlyForDeploymentPostprocessing = 0;
		};
		3809ABB02EB36092005E541F /* Sources */ = {
			isa = PBXSourcesBuildPhase;
			buildActionMask = 2147483647;
			files = (
				3809ABBB2EB36092005E541F /* DJGigsAppUITestsLaunchTests.swift in Sources */,
				3809ABB92EB36092005E541F /* DJGigsAppUITests.swift in Sources */,
			);
			runOnlyForDeploymentPostprocessing = 0;
		};
/* End PBXSourcesBuildPhase section */

/* Begin PBXTargetDependency section */
		3809ABAC2EB36092005E541F /* PBXTargetDependency */ = {
			isa = PBXTargetDependency;
			target = 3809AB942EB3608A005E541F /* DJGigsApp */;
			targetProxy = 3809ABAB2EB36092005E541F /* PBXContainerItemProxy */;
		};
		3809ABB62EB36092005E541F /* PBXTargetDependency */ = {
			isa = PBXTargetDependency;
			target = 3809AB942EB3608A005E541F /* DJGigsApp */;
			targetProxy = 3809ABB52EB36092005E541F /* PBXContainerItemProxy */;
		};
/* End PBXTargetDependency section */

/* Begin XCBuildConfiguration section */
		3809ABBC2EB36092005E541F /* Debug */ = {
			isa = XCBuildConfiguration;
			buildSettings = {
				ALWAYS_SEARCH_USER_PATHS = NO;
				ASSETCATALOG_COMPILER_GENERATE_SWIFT_ASSET_SYMBOL_EXTENSIONS = YES;
				CLANG_ANALYZER_NONNULL = YES;
				CLANG_ANALYZER_NUMBER_OBJECT_CONVERSION = YES_AGGRESSIVE;
				CLANG_CXX_LANGUAGE_STANDARD = "gnu++20";
				CLANG_ENABLE_MODULES = YES;
				CLANG_ENABLE_OBJC_ARC = YES;
				CLANG_ENABLE_OBJC_WEAK = YES;
				CLANG_WARN_BLOCK_CAPTURE_AUTORELEASING = YES;
				CLANG_WARN_BOOL_CONVERSION = YES;
				CLANG_WARN_COMMA = YES;
				CLANG_WARN_CONSTANT_CONVERSION = YES;
				CLANG_WARN_DEPRECATED_OBJC_IMPLEMENTATIONS = YES;
				CLANG_WARN_DIRECT_OBJC_ISA_USAGE = YES_ERROR;
				CLANG_WARN_DOCUMENTATION_COMMENTS = YES;
				CLANG_WARN_EMPTY_BODY = YES;
				CLANG_WARN_ENUM_CONVERSION = YES;
				CLANG_WARN_INFINITE_RECURSION = YES;
				CLANG_WARN_INT_CONVERSION = YES;
				CLANG_WARN_NON_LITERAL_NULL_CONVERSION = YES;
				CLANG_WARN_OBJC_IMPLICIT_RETAIN_SELF = YES;
				CLANG_WARN_OBJC_LITERAL_CONVERSION = YES;
				CLANG_WARN_OBJC_ROOT_CLASS = YES_ERROR;
				CLANG_WARN_QUOTED_INCLUDE_IN_FRAMEWORK_HEADER = YES;
				CLANG_WARN_RANGE_LOOP_ANALYSIS = YES;
				CLANG_WARN_STRICT_PROTOTYPES = YES;
				CLANG_WARN_SUSPICIOUS_MOVE = YES;
				CLANG_WARN_UNGUARDED_AVAILABILITY = YES_AGGRESSIVE;
				CLANG_WARN_UNREACHABLE_CODE = YES;
				CLANG_WARN__DUPLICATE_METHOD_MATCH = YES;
				COPY_PHASE_STRIP = NO;
				DEBUG_INFORMATION_FORMAT = dwarf;
				ENABLE_STRICT_OBJC_MSGSEND = YES;
				ENABLE_TESTABILITY = YES;
				ENABLE_USER_SCRIPT_SANDBOXING = YES;
				GCC_C_LANGUAGE_STANDARD = gnu17;
				GCC_DYNAMIC_NO_PIC = NO;
				GCC_NO_COMMON_BLOCKS = YES;
				GCC_OPTIMIZATION_LEVEL = 0;
				GCC_PREPROCESSOR_DEFINITIONS = (
					"DEBUG=1",
					"$(inherited)",
				);
				GCC_WARN_64_TO_32_BIT_CONVERSION = YES;
				GCC_WARN_ABOUT_RETURN_TYPE = YES_ERROR;
				GCC_WARN_UNDECLARED_SELECTOR = YES;
				GCC_WARN_UNINITIALIZED_AUTOS = YES_AGGRESSIVE;
				GCC_WARN_UNUSED_FUNCTION = YES;
				GCC_WARN_UNUSED_VARIABLE = YES;
				IPHONEOS_DEPLOYMENT_TARGET = 17.2;
				LOCALIZATION_PREFERS_STRING_CATALOGS = YES;
				MTL_ENABLE_DEBUG_INFO = INCLUDE_SOURCE;
				MTL_FAST_MATH = YES;
				ONLY_ACTIVE_ARCH = YES;
				SDKROOT = iphoneos;
				STRING_CATALOG_GENERATE_SYMBOLS = YES;
				SWIFT_ACTIVE_COMPILATION_CONDITIONS = "DEBUG $(inherited)";
				SWIFT_OPTIMIZATION_LEVEL = "-Onone";
			};
			name = Debug;
		};
		3809ABBD2EB36092005E541F /* Release */ = {
			isa = XCBuildConfiguration;
			buildSettings = {
				ALWAYS_SEARCH_USER_PATHS = NO;
				ASSETCATALOG_COMPILER_GENERATE_SWIFT_ASSET_SYMBOL_EXTENSIONS = YES;
				CLANG_ANALYZER_NONNULL = YES;
				CLANG_ANALYZER_NUMBER_OBJECT_CONVERSION = YES_AGGRESSIVE;
				CLANG_CXX_LANGUAGE_STANDARD = "gnu++20";
				CLANG_ENABLE_MODULES = YES;
				CLANG_ENABLE_OBJC_ARC = YES;
				CLANG_ENABLE_OBJC_WEAK = YES;
				CLANG_WARN_BLOCK_CAPTURE_AUTORELEASING = YES;
				CLANG_WARN_BOOL_CONVERSION = YES;
				CLANG_WARN_COMMA = YES;
				CLANG_WARN_CONSTANT_CONVERSION = YES;
				CLANG_WARN_DEPRECATED_OBJC_IMPLEMENTATIONS = YES;
				CLANG_WARN_DIRECT_OBJC_ISA_USAGE = YES_ERROR;
				CLANG_WARN_DOCUMENTATION_COMMENTS = YES;
				CLANG_WARN_EMPTY_BODY = YES;
				CLANG_WARN_ENUM_CONVERSION = YES;
				CLANG_WARN_INFINITE_RECURSION = YES;
				CLANG_WARN_INT_CONVERSION = YES;
				CLANG_WARN_NON_LITERAL_NULL_CONVERSION = YES;
				CLANG_WARN_OBJC_IMPLICIT_RETAIN_SELF = YES;
				CLANG_WARN_OBJC_LITERAL_CONVERSION = YES;
				CLANG_WARN_OBJC_ROOT_CLASS = YES_ERROR;
				CLANG_WARN_QUOTED_INCLUDE_IN_FRAMEWORK_HEADER = YES;
				CLANG_WARN_RANGE_LOOP_ANALYSIS = YES;
				CLANG_WARN_STRICT_PROTOTYPES = YES;
				CLANG_WARN_SUSPICIOUS_MOVE = YES;
				CLANG_WARN_UNGUARDED_AVAILABILITY = YES_AGGRESSIVE;
				CLANG_WARN_UNREACHABLE_CODE = YES;
				CLANG_WARN__DUPLICATE_METHOD_MATCH = YES;
				COPY_PHASE_STRIP = NO;
				DEBUG_INFORMATION_FORMAT = "dwarf-with-dsym";
				ENABLE_NS_ASSERTIONS = NO;
				ENABLE_STRICT_OBJC_MSGSEND = YES;
				ENABLE_USER_SCRIPT_SANDBOXING = YES;
				GCC_C_LANGUAGE_STANDARD = gnu17;
				GCC_NO_COMMON_BLOCKS = YES;
				GCC_WARN_64_TO_32_BIT_CONVERSION = YES;
				GCC_WARN_ABOUT_RETURN_TYPE = YES_ERROR;
				GCC_WARN_UNDECLARED_SELECTOR = YES;
				GCC_WARN_UNINITIALIZED_AUTOS = YES_AGGRESSIVE;
				GCC_WARN_UNUSED_FUNCTION = YES;
				GCC_WARN_UNUSED_VARIABLE = YES;
				IPHONEOS_DEPLOYMENT_TARGET = 17.2;
				LOCALIZATION_PREFERS_STRING_CATALOGS = YES;
				MTL_ENABLE_DEBUG_INFO = NO;
				MTL_FAST_MATH = YES;
				SDKROOT = iphoneos;
				STRING_CATALOG_GENERATE_SYMBOLS = YES;
				SWIFT_COMPILATION_MODE = wholemodule;
				VALIDATE_PRODUCT = YES;
			};
			name = Release;
		};
		3809ABBF2EB36092005E541F /* Debug */ = {
			isa = XCBuildConfiguration;
			buildSettings = {
				ASSETCATALOG_COMPILER_APPICON_NAME = AppIcon;
				ASSETCATALOG_COMPILER_GLOBAL_ACCENT_COLOR_NAME = AccentColor;
				CODE_SIGN_STYLE = Automatic;
				CURRENT_PROJECT_VERSION = 1;
				DEVELOPMENT_ASSET_PATHS = "\"DJGigsApp/Preview Content\"";
				DEVELOPMENT_TEAM = 893B7F9TL7;
				ENABLE_PREVIEWS = YES;
				GENERATE_INFOPLIST_FILE = YES;
				INFOPLIST_FILE = DJGigsApp/Info.plist;
				INFOPLIST_KEY_LSApplicationCategoryType = "";
				INFOPLIST_KEY_NSContactsUsageDescription = "neceistamos el permiso para acceder a los contactos";
				INFOPLIST_KEY_NSLocationWhenInUseUsageDescription = "Necesitamos tu ubicación para guardar dónde se realiza el bolo.\nNecesitamos tu ubicación para guardar dónde se realiza el bolo.\nnecesatimos tu ubicacion para guardar donde se realiza el bolo";
				INFOPLIST_KEY_UIApplicationSceneManifest_Generation = YES;
				INFOPLIST_KEY_UIApplicationSupportsIndirectInputEvents = YES;
				INFOPLIST_KEY_UILaunchScreen_Generation = YES;
				INFOPLIST_KEY_UISupportedInterfaceOrientations_iPad = "UIInterfaceOrientationPortrait UIInterfaceOrientationPortrait UIInterfaceOrientationPortraitUpsideDown UIInterfaceOrientationLandscapeLeft UIInterfaceOrientationLandscapeRight";
				INFOPLIST_KEY_UISupportedInterfaceOrientations_iPhone = "UIInterfaceOrientationPortrait UIInterfaceOrientationLandscapeLeft UIInterfaceOrientationLandscapeRight";
				LD_RUNPATH_SEARCH_PATHS = (
					"$(inherited)",
					"@executable_path/Frameworks",
				);
				MARKETING_VERSION = 1.0;
				PRODUCT_BUNDLE_IDENTIFIER = TestSwiftUI.DJGigsApp;
				PRODUCT_NAME = "$(TARGET_NAME)";
				SWIFT_EMIT_LOC_STRINGS = YES;
				SWIFT_VERSION = 5.0;
				TARGETED_DEVICE_FAMILY = "1,2";
			};
			name = Debug;
		};
		3809ABC02EB36092005E541F /* Release */ = {
			isa = XCBuildConfiguration;
			buildSettings = {
				ASSETCATALOG_COMPILER_APPICON_NAME = AppIcon;
				ASSETCATALOG_COMPILER_GLOBAL_ACCENT_COLOR_NAME = AccentColor;
				CODE_SIGN_STYLE = Automatic;
				CURRENT_PROJECT_VERSION = 1;
				DEVELOPMENT_ASSET_PATHS = "\"DJGigsApp/Preview Content\"";
				DEVELOPMENT_TEAM = 893B7F9TL7;
				ENABLE_PREVIEWS = YES;
				GENERATE_INFOPLIST_FILE = YES;
				INFOPLIST_FILE = DJGigsApp/Info.plist;
				INFOPLIST_KEY_LSApplicationCategoryType = "";
				INFOPLIST_KEY_NSContactsUsageDescription = "neceistamos el permiso para acceder a los contactos";
				INFOPLIST_KEY_NSLocationWhenInUseUsageDescription = "Necesitamos tu ubicación para guardar dónde se realiza el bolo.\nNecesitamos tu ubicación para guardar dónde se realiza el bolo.\nnecesatimos tu ubicacion para guardar donde se realiza el bolo";
				INFOPLIST_KEY_UIApplicationSceneManifest_Generation = YES;
				INFOPLIST_KEY_UIApplicationSupportsIndirectInputEvents = YES;
				INFOPLIST_KEY_UILaunchScreen_Generation = YES;
				INFOPLIST_KEY_UISupportedInterfaceOrientations_iPad = "UIInterfaceOrientationPortrait UIInterfaceOrientationPortrait UIInterfaceOrientationPortraitUpsideDown UIInterfaceOrientationLandscapeLeft UIInterfaceOrientationLandscapeRight";
				INFOPLIST_KEY_UISupportedInterfaceOrientations_iPhone = "UIInterfaceOrientationPortrait UIInterfaceOrientationLandscapeLeft UIInterfaceOrientationLandscapeRight";
				LD_RUNPATH_SEARCH_PATHS = (
					"$(inherited)",
					"@executable_path/Frameworks",
				);
				MARKETING_VERSION = 1.0;
				PRODUCT_BUNDLE_IDENTIFIER = TestSwiftUI.DJGigsApp;
				PRODUCT_NAME = "$(TARGET_NAME)";
				SWIFT_EMIT_LOC_STRINGS = YES;
				SWIFT_VERSION = 5.0;
				TARGETED_DEVICE_FAMILY = "1,2";
			};
			name = Release;
		};
		3809ABC22EB36092005E541F /* Debug */ = {
			isa = XCBuildConfiguration;
			buildSettings = {
				BUNDLE_LOADER = "$(TEST_HOST)";
				CODE_SIGN_STYLE = Automatic;
				CURRENT_PROJECT_VERSION = 1;
				DEVELOPMENT_TEAM = ZFXNNPT2T5;
				GENERATE_INFOPLIST_FILE = YES;
				IPHONEOS_DEPLOYMENT_TARGET = 17.2;
				MARKETING_VERSION = 1.0;
				PRODUCT_BUNDLE_IDENTIFIER = TestSwiftUI.DJGigsAppTests;
				PRODUCT_NAME = "$(TARGET_NAME)";
				SWIFT_EMIT_LOC_STRINGS = NO;
				SWIFT_VERSION = 5.0;
				TARGETED_DEVICE_FAMILY = "1,2";
				TEST_HOST = "$(BUILT_PRODUCTS_DIR)/DJGigsApp.app/$(BUNDLE_EXECUTABLE_FOLDER_PATH)/DJGigsApp";
			};
			name = Debug;
		};
		3809ABC32EB36092005E541F /* Release */ = {
			isa = XCBuildConfiguration;
			buildSettings = {
				BUNDLE_LOADER = "$(TEST_HOST)";
				CODE_SIGN_STYLE = Automatic;
				CURRENT_PROJECT_VERSION = 1;
				DEVELOPMENT_TEAM = ZFXNNPT2T5;
				GENERATE_INFOPLIST_FILE = YES;
				IPHONEOS_DEPLOYMENT_TARGET = 17.2;
				MARKETING_VERSION = 1.0;
				PRODUCT_BUNDLE_IDENTIFIER = TestSwiftUI.DJGigsAppTests;
				PRODUCT_NAME = "$(TARGET_NAME)";
				SWIFT_EMIT_LOC_STRINGS = NO;
				SWIFT_VERSION = 5.0;
				TARGETED_DEVICE_FAMILY = "1,2";
				TEST_HOST = "$(BUILT_PRODUCTS_DIR)/DJGigsApp.app/$(BUNDLE_EXECUTABLE_FOLDER_PATH)/DJGigsApp";
			};
			name = Release;
		};
		3809ABC52EB36092005E541F /* Debug */ = {
			isa = XCBuildConfiguration;
			buildSettings = {
				CODE_SIGN_STYLE = Automatic;
				CURRENT_PROJECT_VERSION = 1;
				DEVELOPMENT_TEAM = ZFXNNPT2T5;
				GENERATE_INFOPLIST_FILE = YES;
				MARKETING_VERSION = 1.0;
				PRODUCT_BUNDLE_IDENTIFIER = TestSwiftUI.DJGigsAppUITests;
				PRODUCT_NAME = "$(TARGET_NAME)";
				SWIFT_EMIT_LOC_STRINGS = NO;
				SWIFT_VERSION = 5.0;
				TARGETED_DEVICE_FAMILY = "1,2";
				TEST_TARGET_NAME = DJGigsApp;
			};
			name = Debug;
		};
		3809ABC62EB36092005E541F /* Release */ = {
			isa = XCBuildConfiguration;
			buildSettings = {
				CODE_SIGN_STYLE = Automatic;
				CURRENT_PROJECT_VERSION = 1;
				DEVELOPMENT_TEAM = ZFXNNPT2T5;
				GENERATE_INFOPLIST_FILE = YES;
				MARKETING_VERSION = 1.0;
				PRODUCT_BUNDLE_IDENTIFIER = TestSwiftUI.DJGigsAppUITests;
				PRODUCT_NAME = "$(TARGET_NAME)";
				SWIFT_EMIT_LOC_STRINGS = NO;
				SWIFT_VERSION = 5.0;
				TARGETED_DEVICE_FAMILY = "1,2";
				TEST_TARGET_NAME = DJGigsApp;
			};
			name = Release;
		};
/* End XCBuildConfiguration section */

/* Begin XCConfigurationList section */
		3809AB902EB3608A005E541F /* Build configuration list for PBXProject "DJGigsApp" */ = {
			isa = XCConfigurationList;
			buildConfigurations = (
				3809ABBC2EB36092005E541F /* Debug */,
				3809ABBD2EB36092005E541F /* Release */,
			);
			defaultConfigurationIsVisible = 0;
			defaultConfigurationName = Release;
		};
		3809ABBE2EB36092005E541F /* Build configuration list for PBXNativeTarget "DJGigsApp" */ = {
			isa = XCConfigurationList;
			buildConfigurations = (
				3809ABBF2EB36092005E541F /* Debug */,
				3809ABC02EB36092005E541F /* Release */,
			);
			defaultConfigurationIsVisible = 0;
			defaultConfigurationName = Release;
		};
		3809ABC12EB36092005E541F /* Build configuration list for PBXNativeTarget "DJGigsAppTests" */ = {
			isa = XCConfigurationList;
			buildConfigurations = (
				3809ABC22EB36092005E541F /* Debug */,
				3809ABC32EB36092005E541F /* Release */,
			);
			defaultConfigurationIsVisible = 0;
			defaultConfigurationName = Release;
		};
		3809ABC42EB36092005E541F /* Build configuration list for PBXNativeTarget "DJGigsAppUITests" */ = {
			isa = XCConfigurationList;
			buildConfigurations = (
				3809ABC52EB36092005E541F /* Debug */,
				3809ABC62EB36092005E541F /* Release */,
			);
			defaultConfigurationIsVisible = 0;
			defaultConfigurationName = Release;
		};
/* End XCConfigurationList section */

/* Begin XCVersionGroup section */
		3809ABA32EB36091005E541F /* DJGigsApp.xcdatamodeld */ = {
			isa = XCVersionGroup;
			children = (
				3809ABA42EB36091005E541F /* DJGigsApp.xcdatamodel */,
			);
			currentVersion = 3809ABA42EB36091005E541F /* DJGigsApp.xcdatamodel */;
			path = DJGigsApp.xcdatamodeld;
			sourceTree = "<group>";
			versionGroupType = wrapper.xcdatamodel;
		};
/* End XCVersionGroup section */
	};
	rootObject = 3809AB8D2EB3608A005E541F /* Project object */;
}
